
Microsoft Visual Studio Solution File, Format Version 12.00
# Visual Studio 14
VisualStudioVersion = 14.0.25420.1
MinimumVisualStudioVersion = 10.0.40219.1
Project("{FAE04EC0-301F-11D3-BF4B-00C04F79EFBC}") = "Hei10.Test", "Hei10.Test\Hei10.Test.csproj", "{75C0C9E2-5660-41A1-91C1-4E4F3988EC65}"
EndProject
Project("{2150E333-8FDC-42A3-9474-1A3956D46DE8}") = "01 Libraries", "01 Libraries", "{7649125F-64FD-4691-B5AA-30ECD53029D4}"
EndProject
Project("{FAE04EC0-301F-11D3-BF4B-00C04F79EFBC}") = "Hei10.Core", "Hei10.Core\Hei10.Core.csproj", "{263F36C1-79E8-46E6-A34B-E9AF95D8EDDB}"
EndProject
Project("{FAE04EC0-301F-11D3-BF4B-00C04F79EFBC}") = "Hei10.Domain", "Hei10.Domain\Hei10.Domain.csproj", "{E7F62DEF-7927-4935-9580-88E2ABC4D03D}"
EndProject
Project("{FAE04EC0-301F-11D3-BF4B-00C04F79EFBC}") = "Hei10.Domain.Repositories", "Hei10.Domain.Repositories\Hei10.Domain.Repositories.csproj", "{B20AFCF9-CE61-40FF-AD86-1D9087C5D838}"
EndProject
Project("{FAE04EC0-301F-11D3-BF4B-00C04F79EFBC}") = "Hei10.Domain.Services", "Hei10.Domain.Services\Hei10.Domain.Services.csproj", "{F5E2D61F-261E-4BC5-91EE-9922EAD51672}"
EndProject
Project("{2150E333-8FDC-42A3-9474-1A3956D46DE8}") = "02 Framework", "02 Framework", "{FE96418A-822F-4E43-835B-ECAA4F24C791}"
EndProject
Project("{FAE04EC0-301F-11D3-BF4B-00C04F79EFBC}") = "Hei10.Web.Framework", "Hei10.Web.Framework\Hei10.Web.Framework.csproj", "{B0B26ECB-45D1-4BA7-A506-982BDC002BEF}"
EndProject
Project("{2150E333-8FDC-42A3-9474-1A3956D46DE8}") = "03 Presentation", "03 Presentation", "{B1DB426D-0A90-41E3-8DBF-19E5E8F9D937}"
EndProject
Project("{FAE04EC0-301F-11D3-BF4B-00C04F79EFBC}") = "Hei10.WebSite", "Hei10.WebSite\Hei10.WebSite.csproj", "{E5871CA4-118B-4797-B97D-10E77CEDF63E}"
EndProject
Project("{2150E333-8FDC-42A3-9474-1A3956D46DE8}") = "04 InternalService", "04 InternalService", "{CFDCDD3A-8944-4EB6-853A-43691B990C89}"
EndProject
Project("{FAE04EC0-301F-11D3-BF4B-00C04F79EFBC}") = "Hei10.Service.Tasks", "Hei10.Service.Tasks\Hei10.Service.Tasks.csproj", "{15F57EB5-B7EB-49C4-9D87-0C5B5256E9A3}"
EndProject
Project("{FAE04EC0-301F-11D3-BF4B-00C04F79EFBC}") = "Hei10.Service.WinServer", "Hei10.Service.WinServer\Hei10.Service.WinServer.csproj", "{45214703-FD83-4CE2-A80E-39D7BC859465}"
EndProject
Project("{FAE04EC0-301F-11D3-BF4B-00C04F79EFBC}") = "Hei10.Service.Switch", "Hei10.Service.Switch\Hei10.Service.Switch.csproj", "{9C527818-AD73-4618-AA47-052EBFD81F3F}"
EndProject
Project("{FAE04EC0-301F-11D3-BF4B-00C04F79EFBC}") = "Hei10.WinTools", "Hei10.WinTools\Hei10.WinTools.csproj", "{205C766B-09A3-4FB5-AC3D-BFA55E1B02FF}"
EndProject
Global
	GlobalSection(SolutionConfigurationPlatforms) = preSolution
		Debug|Any CPU = Debug|Any CPU
		Release|Any CPU = Release|Any CPU
	EndGlobalSection
	GlobalSection(ProjectConfigurationPlatforms) = postSolution
		{75C0C9E2-5660-41A1-91C1-4E4F3988EC65}.Debug|Any CPU.ActiveCfg = Debug|Any CPU
		{75C0C9E2-5660-41A1-91C1-4E4F3988EC65}.Debug|Any CPU.Build.0 = Debug|Any CPU
		{75C0C9E2-5660-41A1-91C1-4E4F3988EC65}.Release|Any CPU.ActiveCfg = Release|Any CPU
		{75C0C9E2-5660-41A1-91C1-4E4F3988EC65}.Release|Any CPU.Build.0 = Release|Any CPU
		{263F36C1-79E8-46E6-A34B-E9AF95D8EDDB}.Debug|Any CPU.ActiveCfg = Debug|Any CPU
		{263F36C1-79E8-46E6-A34B-E9AF95D8EDDB}.Debug|Any CPU.Build.0 = Debug|Any CPU
		{263F36C1-79E8-46E6-A34B-E9AF95D8EDDB}.Release|Any CPU.ActiveCfg = Release|Any CPU
		{263F36C1-79E8-46E6-A34B-E9AF95D8EDDB}.Release|Any CPU.Build.0 = Release|Any CPU
		{E7F62DEF-7927-4935-9580-88E2ABC4D03D}.Debug|Any CPU.ActiveCfg = Debug|Any CPU
		{E7F62DEF-7927-4935-9580-88E2ABC4D03D}.Debug|Any CPU.Build.0 = Debug|Any CPU
		{E7F62DEF-7927-4935-9580-88E2ABC4D03D}.Release|Any CPU.ActiveCfg = Release|Any CPU
		{E7F62DEF-7927-4935-9580-88E2ABC4D03D}.Release|Any CPU.Build.0 = Release|Any CPU
		{B20AFCF9-CE61-40FF-AD86-1D9087C5D838}.Debug|Any CPU.ActiveCfg = Debug|Any CPU
		{B20AFCF9-CE61-40FF-AD86-1D9087C5D838}.Debug|Any CPU.Build.0 = Debug|Any CPU
		{B20AFCF9-CE61-40FF-AD86-1D9087C5D838}.Release|Any CPU.ActiveCfg = Release|Any CPU
		{B20AFCF9-CE61-40FF-AD86-1D9087C5D838}.Release|Any CPU.Build.0 = Release|Any CPU
		{F5E2D61F-261E-4BC5-91EE-9922EAD51672}.Debug|Any CPU.ActiveCfg = Debug|Any CPU
		{F5E2D61F-261E-4BC5-91EE-9922EAD51672}.Debug|Any CPU.Build.0 = Debug|Any CPU
		{F5E2D61F-261E-4BC5-91EE-9922EAD51672}.Release|Any CPU.ActiveCfg = Release|Any CPU
		{F5E2D61F-261E-4BC5-91EE-9922EAD51672}.Release|Any CPU.Build.0 = Release|Any CPU
		{B0B26ECB-45D1-4BA7-A506-982BDC002BEF}.Debug|Any CPU.ActiveCfg = Debug|Any CPU
		{B0B26ECB-45D1-4BA7-A506-982BDC002BEF}.Debug|Any CPU.Build.0 = Debug|Any CPU
		{B0B26ECB-45D1-4BA7-A506-982BDC002BEF}.Release|Any CPU.ActiveCfg = Release|Any CPU
		{B0B26ECB-45D1-4BA7-A506-982BDC002BEF}.Release|Any CPU.Build.0 = Release|Any CPU
		{E5871CA4-118B-4797-B97D-10E77CEDF63E}.Debug|Any CPU.ActiveCfg = Debug|Any CPU
		{E5871CA4-118B-4797-B97D-10E77CEDF63E}.Debug|Any CPU.Build.0 = Debug|Any CPU
		{E5871CA4-118B-4797-B97D-10E77CEDF63E}.Release|Any CPU.ActiveCfg = Release|Any CPU
		{E5871CA4-118B-4797-B97D-10E77CEDF63E}.Release|Any CPU.Build.0 = Release|Any CPU
		{15F57EB5-B7EB-49C4-9D87-0C5B5256E9A3}.Debug|Any CPU.ActiveCfg = Debug|Any CPU
		{15F57EB5-B7EB-49C4-9D87-0C5B5256E9A3}.Debug|Any CPU.Build.0 = Debug|Any CPU
		{15F57EB5-B7EB-49C4-9D87-0C5B5256E9A3}.Release|Any CPU.ActiveCfg = Release|Any CPU
		{15F57EB5-B7EB-49C4-9D87-0C5B5256E9A3}.Release|Any CPU.Build.0 = Release|Any CPU
		{45214703-FD83-4CE2-A80E-39D7BC859465}.Debug|Any CPU.ActiveCfg = Debug|Any CPU
		{45214703-FD83-4CE2-A80E-39D7BC859465}.Debug|Any CPU.Build.0 = Debug|Any CPU
		{45214703-FD83-4CE2-A80E-39D7BC859465}.Release|Any CPU.ActiveCfg = Release|Any CPU
		{45214703-FD83-4CE2-A80E-39D7BC859465}.Release|Any CPU.Build.0 = Release|Any CPU
		{9C527818-AD73-4618-AA47-052EBFD81F3F}.Debug|Any CPU.ActiveCfg = Debug|Any CPU
		{9C527818-AD73-4618-AA47-052EBFD81F3F}.Debug|Any CPU.Build.0 = Debug|Any CPU
		{9C527818-AD73-4618-AA47-052EBFD81F3F}.Release|Any CPU.ActiveCfg = Release|Any CPU
		{9C527818-AD73-4618-AA47-052EBFD81F3F}.Release|Any CPU.Build.0 = Release|Any CPU
		{205C766B-09A3-4FB5-AC3D-BFA55E1B02FF}.Debug|Any CPU.ActiveCfg = Debug|Any CPU
		{205C766B-09A3-4FB5-AC3D-BFA55E1B02FF}.Debug|Any CPU.Build.0 = Debug|Any CPU
		{205C766B-09A3-4FB5-AC3D-BFA55E1B02FF}.Release|Any CPU.ActiveCfg = Release|Any CPU
		{205C766B-09A3-4FB5-AC3D-BFA55E1B02FF}.Release|Any CPU.Build.0 = Release|Any CPU
	EndGlobalSection
	GlobalSection(SolutionProperties) = preSolution
		HideSolutionNode = FALSE
	EndGlobalSection
	GlobalSection(NestedProjects) = preSolution
		{75C0C9E2-5660-41A1-91C1-4E4F3988EC65} = {B1DB426D-0A90-41E3-8DBF-19E5E8F9D937}
		{263F36C1-79E8-46E6-A34B-E9AF95D8EDDB} = {7649125F-64FD-4691-B5AA-30ECD53029D4}
		{E7F62DEF-7927-4935-9580-88E2ABC4D03D} = {7649125F-64FD-4691-B5AA-30ECD53029D4}
		{B20AFCF9-CE61-40FF-AD86-1D9087C5D838} = {7649125F-64FD-4691-B5AA-30ECD53029D4}
		{F5E2D61F-261E-4BC5-91EE-9922EAD51672} = {7649125F-64FD-4691-B5AA-30ECD53029D4}
		{B0B26ECB-45D1-4BA7-A506-982BDC002BEF} = {FE96418A-822F-4E43-835B-ECAA4F24C791}
		{E5871CA4-118B-4797-B97D-10E77CEDF63E} = {B1DB426D-0A90-41E3-8DBF-19E5E8F9D937}
		{15F57EB5-B7EB-49C4-9D87-0C5B5256E9A3} = {CFDCDD3A-8944-4EB6-853A-43691B990C89}
		{45214703-FD83-4CE2-A80E-39D7BC859465} = {CFDCDD3A-8944-4EB6-853A-43691B990C89}
		{9C527818-AD73-4618-AA47-052EBFD81F3F} = {CFDCDD3A-8944-4EB6-853A-43691B990C89}
		{205C766B-09A3-4FB5-AC3D-BFA55E1B02FF} = {B1DB426D-0A90-41E3-8DBF-19E5E8F9D937}
	EndGlobalSection
EndGlobal
